
Microsoft Visual Studio Solution File, Format Version 12.00
# Visual Studio Version 17
VisualStudioVersion = 17.13.35919.96 d17.13
MinimumVisualStudioVersion = 10.0.40219.1
Project("{8BC9CEB8-8B4A-11D0-8D11-00A0C91BC942}") = "Exercise_5", "Exercise_5.vcxproj", "{4D3ACC78-AB6D-4E09-BA42-DA8E15141044}"
EndProject
Global
	GlobalSection(SolutionConfigurationPlatforms) = preSolution
		Debug|x64 = Debug|x64
		Debug|x86 = Debug|x86
		Release|x64 = Release|x64
		Release|x86 = Release|x86
	EndGlobalSection
	GlobalSection(ProjectConfigurationPlatforms) = postSolution
		{4D3ACC78-AB6D-4E09-BA42-DA8E15141044}.Debug|x64.ActiveCfg = Debug|x64
		{4D3ACC78-AB6D-4E09-BA42-DA8E15141044}.Debug|x64.Build.0 = Debug|x64
		{4D3ACC78-AB6D-4E09-BA42-DA8E15141044}.Debug|x86.ActiveCfg = Debug|Win32
		{4D3ACC78-AB6D-4E09-BA42-DA8E15141044}.Debug|x86.Build.0 = Debug|Win32
		{4D3ACC78-AB6D-4E09-BA42-DA8E15141044}.Release|x64.ActiveCfg = Release|x64
		{4D3ACC78-AB6D-4E09-BA42-DA8E15141044}.Release|x64.Build.0 = Release|x64
		{4D3ACC78-AB6D-4E09-BA42-DA8E15141044}.Release|x86.ActiveCfg = Release|Win32
		{4D3ACC78-AB6D-4E09-BA42-DA8E15141044}.Release|x86.Build.0 = Release|Win32
	EndGlobalSection
	GlobalSection(SolutionProperties) = preSolution
		HideSolutionNode = FALSE
	EndGlobalSection
	GlobalSection(ExtensibilityGlobals) = postSolution
		SolutionGuid = {EFB3FA0B-3989-4377-A351-AE7B13F189FA}
	EndGlobalSection
EndGlobal
