
Microsoft Visual Studio Solution File, Format Version 12.00
# Visual Studio Version 17
VisualStudioVersion = 17.13.35919.96 d17.13
MinimumVisualStudioVersion = 10.0.40219.1
Project("{8BC9CEB8-8B4A-11D0-8D11-00A0C91BC942}") = "Workshop 10", "Workshop 10.vcxproj", "{E91AF818-D787-4B28-8EE6-4214FAD06695}"
EndProject
Global
	GlobalSection(SolutionConfigurationPlatforms) = preSolution
		Debug|x64 = Debug|x64
		Debug|x86 = Debug|x86
		Release|x64 = Release|x64
		Release|x86 = Release|x86
	EndGlobalSection
	GlobalSection(ProjectConfigurationPlatforms) = postSolution
		{E91AF818-D787-4B28-8EE6-4214FAD06695}.Debug|x64.ActiveCfg = Debug|x64
		{E91AF818-D787-4B28-8EE6-4214FAD06695}.Debug|x64.Build.0 = Debug|x64
		{E91AF818-D787-4B28-8EE6-4214FAD06695}.Debug|x86.ActiveCfg = Debug|Win32
		{E91AF818-D787-4B28-8EE6-4214FAD06695}.Debug|x86.Build.0 = Debug|Win32
		{E91AF818-D787-4B28-8EE6-4214FAD06695}.Release|x64.ActiveCfg = Release|x64
		{E91AF818-D787-4B28-8EE6-4214FAD06695}.Release|x64.Build.0 = Release|x64
		{E91AF818-D787-4B28-8EE6-4214FAD06695}.Release|x86.ActiveCfg = Release|Win32
		{E91AF818-D787-4B28-8EE6-4214FAD06695}.Release|x86.Build.0 = Release|Win32
	EndGlobalSection
	GlobalSection(SolutionProperties) = preSolution
		HideSolutionNode = FALSE
	EndGlobalSection
	GlobalSection(ExtensibilityGlobals) = postSolution
		SolutionGuid = {F52960AE-AD9E-4DB7-A61A-1E2B06E25DA5}
	EndGlobalSection
EndGlobal
